
Microsoft Visual Studio Solution File, Format Version 12.00
# Visual Studio Version 17
VisualStudioVersion = 17.11.35327.3
MinimumVisualStudioVersion = 10.0.40219.1
Project("{FAE04EC0-301F-11D3-BF4B-00C04F79EFBC}") = "EmployeeWebAPI", "EmployeeWebAPI\EmployeeWebAPI.csproj", "{DD7DA1E8-EAA2-4A5C-B17C-00AEA2B25E24}"
EndProject
Project("{FAE04EC0-301F-11D3-BF4B-00C04F79EFBC}") = "Models", "Models\Models.csproj", "{55A4D34F-73ED-43E6-A2D2-9973F6DCF3BB}"
EndProject
Global
	GlobalSection(SolutionConfigurationPlatforms) = preSolution
		Debug|Any CPU = Debug|Any CPU
		Release|Any CPU = Release|Any CPU
	EndGlobalSection
	GlobalSection(ProjectConfigurationPlatforms) = postSolution
		{DD7DA1E8-EAA2-4A5C-B17C-00AEA2B25E24}.Debug|Any CPU.ActiveCfg = Debug|Any CPU
		{DD7DA1E8-EAA2-4A5C-B17C-00AEA2B25E24}.Debug|Any CPU.Build.0 = Debug|Any CPU
		{DD7DA1E8-EAA2-4A5C-B17C-00AEA2B25E24}.Release|Any CPU.ActiveCfg = Release|Any CPU
		{DD7DA1E8-EAA2-4A5C-B17C-00AEA2B25E24}.Release|Any CPU.Build.0 = Release|Any CPU
		{55A4D34F-73ED-43E6-A2D2-9973F6DCF3BB}.Debug|Any CPU.ActiveCfg = Debug|Any CPU
		{55A4D34F-73ED-43E6-A2D2-9973F6DCF3BB}.Debug|Any CPU.Build.0 = Debug|Any CPU
		{55A4D34F-73ED-43E6-A2D2-9973F6DCF3BB}.Release|Any CPU.ActiveCfg = Release|Any CPU
		{55A4D34F-73ED-43E6-A2D2-9973F6DCF3BB}.Release|Any CPU.Build.0 = Release|Any CPU
	EndGlobalSection
	GlobalSection(SolutionProperties) = preSolution
		HideSolutionNode = FALSE
	EndGlobalSection
	GlobalSection(ExtensibilityGlobals) = postSolution
		SolutionGuid = {BD340B67-967B-4036-B79C-1A2D6C6343EF}
	EndGlobalSection
EndGlobal
